{
  "pins" : [
    {
      "identity" : "elegantcalendar",
      "kind" : "remoteSourceControl",
      "location" : "https://github.com/ThasianX/ElegantCalendar",
      "state" : {
        "revision" : "d446234f27e60f5bef15f91c35d384f388ff2c7d",
        "version" : "4.3.2"
      }
    },
    {
      "identity" : "elegantpages",
      "kind" : "remoteSourceControl",
      "location" : "https://github.com/ThasianX/ElegantPages",
      "state" : {
        "revision" : "d598ce4824c40296decc84eae5b3c042d3dff842",
        "version" : "1.4.2"
      }
    },
    {
      "identity" : "ycalendarpicker-ios",
      "kind" : "remoteSourceControl",
      "location" : "https://github.com/yml-org/ycalendarpicker-ios",
      "state" : {
        "revision" : "3fc6043da5008aee9ad2d701adb9c6f7069c8532",
        "version" : "1.0.1"
      }
    },
    {
      "identity" : "ycoreui",
      "kind" : "remoteSourceControl",
      "location" : "https://github.com/yml-org/YCoreUI.git",
      "state" : {
        "revision" : "38f2a285e43c044c2693a5a21e958b4b78c81492",
        "version" : "1.7.0"
      }
    },
    {
      "identity" : "ymattertype",
      "kind" : "remoteSourceControl",
      "location" : "https://github.com/yml-org/YMatterType.git",
      "state" : {
        "revision" : "3a9f8dd625ecfde9f9cb2c2e236b102fda148e95",
        "version" : "1.7.0"
      }
    }
  ],
  "version" : 2
}
